
Microsoft Visual Studio Solution File, Format Version 12.00
# Visual Studio 14
VisualStudioVersion = 14.0.23107.0
MinimumVisualStudioVersion = 10.0.40219.1
Project("{FAE04EC0-301F-11D3-BF4B-00C04F79EFBC}") = "Bogolepov.Nsudotnet.Enigma", "Bogolepov.Nsudotnet.Enigma\Bogolepov.Nsudotnet.Enigma.csproj", "{BF83E4FE-CC45-44A1-B875-B661E6B2B1BA}"
EndProject
Global
	GlobalSection(SolutionConfigurationPlatforms) = preSolution
		Debug|Any CPU = Debug|Any CPU
		Release|Any CPU = Release|Any CPU
	EndGlobalSection
	GlobalSection(ProjectConfigurationPlatforms) = postSolution
		{BF83E4FE-CC45-44A1-B875-B661E6B2B1BA}.Debug|Any CPU.ActiveCfg = Debug|Any CPU
		{BF83E4FE-CC45-44A1-B875-B661E6B2B1BA}.Debug|Any CPU.Build.0 = Debug|Any CPU
		{BF83E4FE-CC45-44A1-B875-B661E6B2B1BA}.Release|Any CPU.ActiveCfg = Release|Any CPU
		{BF83E4FE-CC45-44A1-B875-B661E6B2B1BA}.Release|Any CPU.Build.0 = Release|Any CPU
	EndGlobalSection
	GlobalSection(SolutionProperties) = preSolution
		HideSolutionNode = FALSE
	EndGlobalSection
EndGlobal
